
Microsoft Visual Studio Solution File, Format Version 12.00
# Visual Studio Version 16
VisualStudioVersion = 16.0.29920.165
MinimumVisualStudioVersion = 10.0.40219.1
Project("{FAE04EC0-301F-11D3-BF4B-00C04F79EFBC}") = "PassByValueJohnO", "PassByValueJohnO\PassByValueJohnO.csproj", "{2DD81AAC-DD70-43B8-B31F-0C8E2EC7AA8B}"
EndProject
Global
	GlobalSection(SolutionConfigurationPlatforms) = preSolution
		Debug|Any CPU = Debug|Any CPU
		Release|Any CPU = Release|Any CPU
	EndGlobalSection
	GlobalSection(ProjectConfigurationPlatforms) = postSolution
		{2DD81AAC-DD70-43B8-B31F-0C8E2EC7AA8B}.Debug|Any CPU.ActiveCfg = Debug|Any CPU
		{2DD81AAC-DD70-43B8-B31F-0C8E2EC7AA8B}.Debug|Any CPU.Build.0 = Debug|Any CPU
		{2DD81AAC-DD70-43B8-B31F-0C8E2EC7AA8B}.Release|Any CPU.ActiveCfg = Release|Any CPU
		{2DD81AAC-DD70-43B8-B31F-0C8E2EC7AA8B}.Release|Any CPU.Build.0 = Release|Any CPU
	EndGlobalSection
	GlobalSection(SolutionProperties) = preSolution
		HideSolutionNode = FALSE
	EndGlobalSection
	GlobalSection(ExtensibilityGlobals) = postSolution
		SolutionGuid = {41B02E0B-7C49-4407-AE81-68D82DA84C2C}
	EndGlobalSection
EndGlobal
